// !$*UTF8*$!
{
	archiveVersion = 1;
	classes = {
	};
	objectVersion = 56;
	objects = {

/* Begin PBXBuildFile section */
		0D1029682C12210E00CB5FE0 /* Apple_Frameworks_iOS17App.swift in Sources */ = {isa = PBXBuildFile; fileRef = 0D1029672C12210E00CB5FE0 /* Apple_Frameworks_iOS17App.swift */; };
		0D10296C2C12211000CB5FE0 /* Assets.xcassets in Resources */ = {isa = PBXBuildFile; fileRef = 0D10296B2C12211000CB5FE0 /* Assets.xcassets */; };
		0D10296F2C12211000CB5FE0 /* Preview Assets.xcassets in Resources */ = {isa = PBXBuildFile; fileRef = 0D10296E2C12211000CB5FE0 /* Preview Assets.xcassets */; };
		0D1029762C12215200CB5FE0 /* Framework.swift in Sources */ = {isa = PBXBuildFile; fileRef = 0D1029752C12215200CB5FE0 /* Framework.swift */; };
		0D1029782C12242700CB5FE0 /* FrameworkGridView.swift in Sources */ = {isa = PBXBuildFile; fileRef = 0D1029772C12242700CB5FE0 /* FrameworkGridView.swift */; };
		0D2991CD2C14B77900D46A4E /* SafariView.swift in Sources */ = {isa = PBXBuildFile; fileRef = 0D2991CC2C14B77900D46A4E /* SafariView.swift */; };
		0D2991CF2C14C4D900D46A4E /* FrameworkTitleView.swift in Sources */ = {isa = PBXBuildFile; fileRef = 0D2991CE2C14C4D900D46A4E /* FrameworkTitleView.swift */; };
		0D2991D12C14C62000D46A4E /* XDismissButton.swift in Sources */ = {isa = PBXBuildFile; fileRef = 0D2991D02C14C62000D46A4E /* XDismissButton.swift */; };
		0D2BBAF02C135DDF00844007 /* FrameworkDetailView.swift in Sources */ = {isa = PBXBuildFile; fileRef = 0D2BBAEF2C135DDF00844007 /* FrameworkDetailView.swift */; };
		0D2BBAF22C13608200844007 /* AFButton.swift in Sources */ = {isa = PBXBuildFile; fileRef = 0D2BBAF12C13608200844007 /* AFButton.swift */; };
		0D2BBAF42C13678A00844007 /* FrameworkGridViewModel.swift in Sources */ = {isa = PBXBuildFile; fileRef = 0D2BBAF32C13678A00844007 /* FrameworkGridViewModel.swift */; };
/* End PBXBuildFile section */

/* Begin PBXFileReference section */
		0D1029642C12210E00CB5FE0 /* Apple-Frameworks-iOS17.app */ = {isa = PBXFileReference; explicitFileType = wrapper.application; includeInIndex = 0; path = "Apple-Frameworks-iOS17.app"; sourceTree = BUILT_PRODUCTS_DIR; };
		0D1029672C12210E00CB5FE0 /* Apple_Frameworks_iOS17App.swift */ = {isa = PBXFileReference; lastKnownFileType = sourcecode.swift; path = Apple_Frameworks_iOS17App.swift; sourceTree = "<group>"; };
		0D10296B2C12211000CB5FE0 /* Assets.xcassets */ = {isa = PBXFileReference; lastKnownFileType = folder.assetcatalog; path = Assets.xcassets; sourceTree = "<group>"; };
		0D10296E2C12211000CB5FE0 /* Preview Assets.xcassets */ = {isa = PBXFileReference; lastKnownFileType = folder.assetcatalog; path = "Preview Assets.xcassets"; sourceTree = "<group>"; };
		0D1029752C12215200CB5FE0 /* Framework.swift */ = {isa = PBXFileReference; lastKnownFileType = sourcecode.swift; path = Framework.swift; sourceTree = "<group>"; };
		0D1029772C12242700CB5FE0 /* FrameworkGridView.swift */ = {isa = PBXFileReference; lastKnownFileType = sourcecode.swift; path = FrameworkGridView.swift; sourceTree = "<group>"; };
		0D2991CC2C14B77900D46A4E /* SafariView.swift */ = {isa = PBXFileReference; lastKnownFileType = sourcecode.swift; path = SafariView.swift; sourceTree = "<group>"; };
		0D2991CE2C14C4D900D46A4E /* FrameworkTitleView.swift */ = {isa = PBXFileReference; lastKnownFileType = sourcecode.swift; path = FrameworkTitleView.swift; sourceTree = "<group>"; };
		0D2991D02C14C62000D46A4E /* XDismissButton.swift */ = {isa = PBXFileReference; lastKnownFileType = sourcecode.swift; path = XDismissButton.swift; sourceTree = "<group>"; };
		0D2BBAEF2C135DDF00844007 /* FrameworkDetailView.swift */ = {isa = PBXFileReference; lastKnownFileType = sourcecode.swift; path = FrameworkDetailView.swift; sourceTree = "<group>"; };
		0D2BBAF12C13608200844007 /* AFButton.swift */ = {isa = PBXFileReference; lastKnownFileType = sourcecode.swift; path = AFButton.swift; sourceTree = "<group>"; };
		0D2BBAF32C13678A00844007 /* FrameworkGridViewModel.swift */ = {isa = PBXFileReference; lastKnownFileType = sourcecode.swift; path = FrameworkGridViewModel.swift; sourceTree = "<group>"; };
/* End PBXFileReference section */

/* Begin PBXFrameworksBuildPhase section */
		0D1029612C12210E00CB5FE0 /* Frameworks */ = {
			isa = PBXFrameworksBuildPhase;
			buildActionMask = 2147483647;
			files = (
			);
			runOnlyForDeploymentPostprocessing = 0;
		};
/* End PBXFrameworksBuildPhase section */

/* Begin PBXGroup section */
		0D10295B2C12210E00CB5FE0 = {
			isa = PBXGroup;
			children = (
				0D1029662C12210E00CB5FE0 /* Apple-Frameworks-iOS17 */,
				0D1029652C12210E00CB5FE0 /* Products */,
			);
			sourceTree = "<group>";
		};
		0D1029652C12210E00CB5FE0 /* Products */ = {
			isa = PBXGroup;
			children = (
				0D1029642C12210E00CB5FE0 /* Apple-Frameworks-iOS17.app */,
			);
			name = Products;
			sourceTree = "<group>";
		};
		0D1029662C12210E00CB5FE0 /* Apple-Frameworks-iOS17 */ = {
			isa = PBXGroup;
			children = (
				0D1029672C12210E00CB5FE0 /* Apple_Frameworks_iOS17App.swift */,
				0D1029772C12242700CB5FE0 /* FrameworkGridView.swift */,
				0D2BBAEF2C135DDF00844007 /* FrameworkDetailView.swift */,
				0D2991CC2C14B77900D46A4E /* SafariView.swift */,
				0D2BBAF12C13608200844007 /* AFButton.swift */,
				0D1029752C12215200CB5FE0 /* Framework.swift */,
				0D2BBAF32C13678A00844007 /* FrameworkGridViewModel.swift */,
				0D10296B2C12211000CB5FE0 /* Assets.xcassets */,
				0D10296D2C12211000CB5FE0 /* Preview Content */,
				0D2991CE2C14C4D900D46A4E /* FrameworkTitleView.swift */,
				0D2991D02C14C62000D46A4E /* XDismissButton.swift */,
			);
			path = "Apple-Frameworks-iOS17";
			sourceTree = "<group>";
		};
		0D10296D2C12211000CB5FE0 /* Preview Content */ = {
			isa = PBXGroup;
			children = (
				0D10296E2C12211000CB5FE0 /* Preview Assets.xcassets */,
			);
			path = "Preview Content";
			sourceTree = "<group>";
		};
/* End PBXGroup section */

/* Begin PBXNativeTarget section */
		0D1029632C12210E00CB5FE0 /* Apple-Frameworks-iOS17 */ = {
			isa = PBXNativeTarget;
			buildConfigurationList = 0D1029722C12211000CB5FE0 /* Build configuration list for PBXNativeTarget "Apple-Frameworks-iOS17" */;
			buildPhases = (
				0D1029602C12210E00CB5FE0 /* Sources */,
				0D1029612C12210E00CB5FE0 /* Frameworks */,
				0D1029622C12210E00CB5FE0 /* Resources */,
			);
			buildRules = (
			);
			dependencies = (
			);
			name = "Apple-Frameworks-iOS17";
			productName = "Apple-Frameworks-iOS17";
			productReference = 0D1029642C12210E00CB5FE0 /* Apple-Frameworks-iOS17.app */;
			productType = "com.apple.product-type.application";
		};
/* End PBXNativeTarget section */

/* Begin PBXProject section */
		0D10295C2C12210E00CB5FE0 /* Project object */ = {
			isa = PBXProject;
			attributes = {
				BuildIndependentTargetsInParallel = 1;
				LastSwiftUpdateCheck = 1540;
				LastUpgradeCheck = 1540;
				TargetAttributes = {
					0D1029632C12210E00CB5FE0 = {
						CreatedOnToolsVersion = 15.4;
					};
				};
			};
			buildConfigurationList = 0D10295F2C12210E00CB5FE0 /* Build configuration list for PBXProject "Apple-Frameworks-iOS17" */;
			compatibilityVersion = "Xcode 14.0";
			developmentRegion = en;
			hasScannedForEncodings = 0;
			knownRegions = (
				en,
				Base,
			);
			mainGroup = 0D10295B2C12210E00CB5FE0;
			productRefGroup = 0D1029652C12210E00CB5FE0 /* Products */;
			projectDirPath = "";
			projectRoot = "";
			targets = (
				0D1029632C12210E00CB5FE0 /* Apple-Frameworks-iOS17 */,
			);
		};
/* End PBXProject section */

/* Begin PBXResourcesBuildPhase section */
		0D1029622C12210E00CB5FE0 /* Resources */ = {
			isa = PBXResourcesBuildPhase;
			buildActionMask = 2147483647;
			files = (
				0D10296F2C12211000CB5FE0 /* Preview Assets.xcassets in Resources */,
				0D10296C2C12211000CB5FE0 /* Assets.xcassets in Resources */,
			);
			runOnlyForDeploymentPostprocessing = 0;
		};
/* End PBXResourcesBuildPhase section */

/* Begin PBXSourcesBuildPhase section */
		0D1029602C12210E00CB5FE0 /* Sources */ = {
			isa = PBXSourcesBuildPhase;
			buildActionMask = 2147483647;
			files = (
				0D1029782C12242700CB5FE0 /* FrameworkGridView.swift in Sources */,
				0D2BBAF02C135DDF00844007 /* FrameworkDetailView.swift in Sources */,
				0D2991D12C14C62000D46A4E /* XDismissButton.swift in Sources */,
				0D1029762C12215200CB5FE0 /* Framework.swift in Sources */,
				0D2BBAF22C13608200844007 /* AFButton.swift in Sources */,
				0D1029682C12210E00CB5FE0 /* Apple_Frameworks_iOS17App.swift in Sources */,
				0D2BBAF42C13678A00844007 /* FrameworkGridViewModel.swift in Sources */,
				0D2991CF2C14C4D900D46A4E /* FrameworkTitleView.swift in Sources */,
				0D2991CD2C14B77900D46A4E /* SafariView.swift in Sources */,
			);
			runOnlyForDeploymentPostprocessing = 0;
		};
/* End PBXSourcesBuildPhase section */

/* Begin XCBuildConfiguration section */
		0D1029702C12211000CB5FE0 /* Debug */ = {
			isa = XCBuildConfiguration;
			buildSettings = {
				ALWAYS_SEARCH_USER_PATHS = NO;
				ASSETCATALOG_COMPILER_GENERATE_SWIFT_ASSET_SYMBOL_EXTENSIONS = YES;
				CLANG_ANALYZER_NONNULL = YES;
				CLANG_ANALYZER_NUMBER_OBJECT_CONVERSION = YES_AGGRESSIVE;
				CLANG_CXX_LANGUAGE_STANDARD = "gnu++20";
				CLANG_ENABLE_MODULES = YES;
				CLANG_ENABLE_OBJC_ARC = YES;
				CLANG_ENABLE_OBJC_WEAK = YES;
				CLANG_WARN_BLOCK_CAPTURE_AUTORELEASING = YES;
				CLANG_WARN_BOOL_CONVERSION = YES;
				CLANG_WARN_COMMA = YES;
				CLANG_WARN_CONSTANT_CONVERSION = YES;
				CLANG_WARN_DEPRECATED_OBJC_IMPLEMENTATIONS = YES;
				CLANG_WARN_DIRECT_OBJC_ISA_USAGE = YES_ERROR;
				CLANG_WARN_DOCUMENTATION_COMMENTS = YES;
				CLANG_WARN_EMPTY_BODY = YES;
				CLANG_WARN_ENUM_CONVERSION = YES;
				CLANG_WARN_INFINITE_RECURSION = YES;
				CLANG_WARN_INT_CONVERSION = YES;
				CLANG_WARN_NON_LITERAL_NULL_CONVERSION = YES;
				CLANG_WARN_OBJC_IMPLICIT_RETAIN_SELF = YES;
				CLANG_WARN_OBJC_LITERAL_CONVERSION = YES;
				CLANG_WARN_OBJC_ROOT_CLASS = YES_ERROR;
				CLANG_WARN_QUOTED_INCLUDE_IN_FRAMEWORK_HEADER = YES;
				CLANG_WARN_RANGE_LOOP_ANALYSIS = YES;
				CLANG_WARN_STRICT_PROTOTYPES = YES;
				CLANG_WARN_SUSPICIOUS_MOVE = YES;
				CLANG_WARN_UNGUARDED_AVAILABILITY = YES_AGGRESSIVE;
				CLANG_WARN_UNREACHABLE_CODE = YES;
				CLANG_WARN__DUPLICATE_METHOD_MATCH = YES;
				COPY_PHASE_STRIP = NO;
				DEBUG_INFORMATION_FORMAT = dwarf;
				ENABLE_STRICT_OBJC_MSGSEND = YES;
				ENABLE_TESTABILITY = YES;
				ENABLE_USER_SCRIPT_SANDBOXING = YES;
				GCC_C_LANGUAGE_STANDARD = gnu17;
				GCC_DYNAMIC_NO_PIC = NO;
				GCC_NO_COMMON_BLOCKS = YES;
				GCC_OPTIMIZATION_LEVEL = 0;
				GCC_PREPROCESSOR_DEFINITIONS = (
					"DEBUG=1",
					"$(inherited)",
				);
				GCC_WARN_64_TO_32_BIT_CONVERSION = YES;
				GCC_WARN_ABOUT_RETURN_TYPE = YES_ERROR;
				GCC_WARN_UNDECLARED_SELECTOR = YES;
				GCC_WARN_UNINITIALIZED_AUTOS = YES_AGGRESSIVE;
				GCC_WARN_UNUSED_FUNCTION = YES;
				GCC_WARN_UNUSED_VARIABLE = YES;
				IPHONEOS_DEPLOYMENT_TARGET = 17.5;
				LOCALIZATION_PREFERS_STRING_CATALOGS = YES;
				MTL_ENABLE_DEBUG_INFO = INCLUDE_SOURCE;
				MTL_FAST_MATH = YES;
				ONLY_ACTIVE_ARCH = YES;
				SDKROOT = iphoneos;
				SWIFT_ACTIVE_COMPILATION_CONDITIONS = "DEBUG $(inherited)";
				SWIFT_OPTIMIZATION_LEVEL = "-Onone";
			};
			name = Debug;
		};
		0D1029712C12211000CB5FE0 /* Release */ = {
			isa = XCBuildConfiguration;
			buildSettings = {
				ALWAYS_SEARCH_USER_PATHS = NO;
				ASSETCATALOG_COMPILER_GENERATE_SWIFT_ASSET_SYMBOL_EXTENSIONS = YES;
				CLANG_ANALYZER_NONNULL = YES;
				CLANG_ANALYZER_NUMBER_OBJECT_CONVERSION = YES_AGGRESSIVE;
				CLANG_CXX_LANGUAGE_STANDARD = "gnu++20";
				CLANG_ENABLE_MODULES = YES;
				CLANG_ENABLE_OBJC_ARC = YES;
				CLANG_ENABLE_OBJC_WEAK = YES;
				CLANG_WARN_BLOCK_CAPTURE_AUTORELEASING = YES;
				CLANG_WARN_BOOL_CONVERSION = YES;
				CLANG_WARN_COMMA = YES;
				CLANG_WARN_CONSTANT_CONVERSION = YES;
				CLANG_WARN_DEPRECATED_OBJC_IMPLEMENTATIONS = YES;
				CLANG_WARN_DIRECT_OBJC_ISA_USAGE = YES_ERROR;
				CLANG_WARN_DOCUMENTATION_COMMENTS = YES;
				CLANG_WARN_EMPTY_BODY = YES;
				CLANG_WARN_ENUM_CONVERSION = YES;
				CLANG_WARN_INFINITE_RECURSION = YES;
				CLANG_WARN_INT_CONVERSION = YES;
				CLANG_WARN_NON_LITERAL_NULL_CONVERSION = YES;
				CLANG_WARN_OBJC_IMPLICIT_RETAIN_SELF = YES;
				CLANG_WARN_OBJC_LITERAL_CONVERSION = YES;
				CLANG_WARN_OBJC_ROOT_CLASS = YES_ERROR;
				CLANG_WARN_QUOTED_INCLUDE_IN_FRAMEWORK_HEADER = YES;
				CLANG_WARN_RANGE_LOOP_ANALYSIS = YES;
				CLANG_WARN_STRICT_PROTOTYPES = YES;
				CLANG_WARN_SUSPICIOUS_MOVE = YES;
				CLANG_WARN_UNGUARDED_AVAILABILITY = YES_AGGRESSIVE;
				CLANG_WARN_UNREACHABLE_CODE = YES;
				CLANG_WARN__DUPLICATE_METHOD_MATCH = YES;
				COPY_PHASE_STRIP = NO;
				DEBUG_INFORMATION_FORMAT = "dwarf-with-dsym";
				ENABLE_NS_ASSERTIONS = NO;
				ENABLE_STRICT_OBJC_MSGSEND = YES;
				ENABLE_USER_SCRIPT_SANDBOXING = YES;
				GCC_C_LANGUAGE_STANDARD = gnu17;
				GCC_NO_COMMON_BLOCKS = YES;
				GCC_WARN_64_TO_32_BIT_CONVERSION = YES;
				GCC_WARN_ABOUT_RETURN_TYPE = YES_ERROR;
				GCC_WARN_UNDECLARED_SELECTOR = YES;
				GCC_WARN_UNINITIALIZED_AUTOS = YES_AGGRESSIVE;
				GCC_WARN_UNUSED_FUNCTION = YES;
				GCC_WARN_UNUSED_VARIABLE = YES;
				IPHONEOS_DEPLOYMENT_TARGET = 17.5;
				LOCALIZATION_PREFERS_STRING_CATALOGS = YES;
				MTL_ENABLE_DEBUG_INFO = NO;
				MTL_FAST_MATH = YES;
				SDKROOT = iphoneos;
				SWIFT_COMPILATION_MODE = wholemodule;
				VALIDATE_PRODUCT = YES;
			};
			name = Release;
		};
		0D1029732C12211000CB5FE0 /* Debug */ = {
			isa = XCBuildConfiguration;
			buildSettings = {
				ASSETCATALOG_COMPILER_APPICON_NAME = AppIcon;
				ASSETCATALOG_COMPILER_GLOBAL_ACCENT_COLOR_NAME = AccentColor;
				CODE_SIGN_STYLE = Automatic;
				CURRENT_PROJECT_VERSION = 1;
				DEVELOPMENT_ASSET_PATHS = "\"Apple-Frameworks-iOS17/Preview Content\"";
				DEVELOPMENT_TEAM = 7U8FFMZ9W5;
				ENABLE_PREVIEWS = YES;
				GENERATE_INFOPLIST_FILE = YES;
				INFOPLIST_KEY_UIApplicationSceneManifest_Generation = YES;
				INFOPLIST_KEY_UIApplicationSupportsIndirectInputEvents = YES;
				INFOPLIST_KEY_UILaunchScreen_Generation = YES;
				INFOPLIST_KEY_UISupportedInterfaceOrientations_iPad = "UIInterfaceOrientationPortrait UIInterfaceOrientationPortraitUpsideDown UIInterfaceOrientationLandscapeLeft UIInterfaceOrientationLandscapeRight";
				INFOPLIST_KEY_UISupportedInterfaceOrientations_iPhone = "UIInterfaceOrientationPortrait UIInterfaceOrientationLandscapeLeft UIInterfaceOrientationLandscapeRight";
				LD_RUNPATH_SEARCH_PATHS = (
					"$(inherited)",
					"@executable_path/Frameworks",
				);
				MARKETING_VERSION = 1.0;
				PRODUCT_BUNDLE_IDENTIFIER = "com.mayurvaity.Apple-Frameworks-iOS17-List";
				PRODUCT_NAME = "$(TARGET_NAME)";
				SWIFT_EMIT_LOC_STRINGS = YES;
				SWIFT_VERSION = 5.0;
				TARGETED_DEVICE_FAMILY = "1,2";
			};
			name = Debug;
		};
		0D1029742C12211000CB5FE0 /* Release */ = {
			isa = XCBuildConfiguration;
			buildSettings = {
				ASSETCATALOG_COMPILER_APPICON_NAME = AppIcon;
				ASSETCATALOG_COMPILER_GLOBAL_ACCENT_COLOR_NAME = AccentColor;
				CODE_SIGN_STYLE = Automatic;
				CURRENT_PROJECT_VERSION = 1;
				DEVELOPMENT_ASSET_PATHS = "\"Apple-Frameworks-iOS17/Preview Content\"";
				DEVELOPMENT_TEAM = 7U8FFMZ9W5;
				ENABLE_PREVIEWS = YES;
				GENERATE_INFOPLIST_FILE = YES;
				INFOPLIST_KEY_UIApplicationSceneManifest_Generation = YES;
				INFOPLIST_KEY_UIApplicationSupportsIndirectInputEvents = YES;
				INFOPLIST_KEY_UILaunchScreen_Generation = YES;
				INFOPLIST_KEY_UISupportedInterfaceOrientations_iPad = "UIInterfaceOrientationPortrait UIInterfaceOrientationPortraitUpsideDown UIInterfaceOrientationLandscapeLeft UIInterfaceOrientationLandscapeRight";
				INFOPLIST_KEY_UISupportedInterfaceOrientations_iPhone = "UIInterfaceOrientationPortrait UIInterfaceOrientationLandscapeLeft UIInterfaceOrientationLandscapeRight";
				LD_RUNPATH_SEARCH_PATHS = (
					"$(inherited)",
					"@executable_path/Frameworks",
				);
				MARKETING_VERSION = 1.0;
				PRODUCT_BUNDLE_IDENTIFIER = "com.mayurvaity.Apple-Frameworks-iOS17-List";
				PRODUCT_NAME = "$(TARGET_NAME)";
				SWIFT_EMIT_LOC_STRINGS = YES;
				SWIFT_VERSION = 5.0;
				TARGETED_DEVICE_FAMILY = "1,2";
			};
			name = Release;
		};
/* End XCBuildConfiguration section */

/* Begin XCConfigurationList section */
		0D10295F2C12210E00CB5FE0 /* Build configuration list for PBXProject "Apple-Frameworks-iOS17" */ = {
			isa = XCConfigurationList;
			buildConfigurations = (
				0D1029702C12211000CB5FE0 /* Debug */,
				0D1029712C12211000CB5FE0 /* Release */,
			);
			defaultConfigurationIsVisible = 0;
			defaultConfigurationName = Release;
		};
		0D1029722C12211000CB5FE0 /* Build configuration list for PBXNativeTarget "Apple-Frameworks-iOS17" */ = {
			isa = XCConfigurationList;
			buildConfigurations = (
				0D1029732C12211000CB5FE0 /* Debug */,
				0D1029742C12211000CB5FE0 /* Release */,
			);
			defaultConfigurationIsVisible = 0;
			defaultConfigurationName = Release;
		};
/* End XCConfigurationList section */
	};
	rootObject = 0D10295C2C12210E00CB5FE0 /* Project object */;
}
